
Microsoft Visual Studio Solution File, Format Version 12.00
# Visual Studio 15
VisualStudioVersion = 15.0.28307.645
MinimumVisualStudioVersion = 10.0.40219.1
Project("{FAE04EC0-301F-11D3-BF4B-00C04F79EFBC}") = "SignalIRClientDemo", "SignalIRClientDemo\SignalIRClientDemo.csproj", "{22CEC02A-DED7-43EE-B3D0-020B158E5E62}"
EndProject
Project("{FAE04EC0-301F-11D3-BF4B-00C04F79EFBC}") = "ChatBox", "ChatBox\ChatBox.csproj", "{738DD610-028F-46CE-8337-B4D798F3C6B6}"
EndProject
Project("{FAE04EC0-301F-11D3-BF4B-00C04F79EFBC}") = "Common", "Common\Common.csproj", "{5329A697-E305-4FE2-B9BD-52CD45C77AED}"
EndProject
Project("{FAE04EC0-301F-11D3-BF4B-00C04F79EFBC}") = "SignalIRServiceDemo", "SignalIRServiceDemo\SignalIRServiceDemo.csproj", "{78F78B41-5052-4590-B0FB-6FD92A8F2970}"
EndProject
Global
	GlobalSection(SolutionConfigurationPlatforms) = preSolution
		Debug|Any CPU = Debug|Any CPU
		Release|Any CPU = Release|Any CPU
	EndGlobalSection
	GlobalSection(ProjectConfigurationPlatforms) = postSolution
		{22CEC02A-DED7-43EE-B3D0-020B158E5E62}.Debug|Any CPU.ActiveCfg = Debug|Any CPU
		{22CEC02A-DED7-43EE-B3D0-020B158E5E62}.Debug|Any CPU.Build.0 = Debug|Any CPU
		{22CEC02A-DED7-43EE-B3D0-020B158E5E62}.Release|Any CPU.ActiveCfg = Release|Any CPU
		{22CEC02A-DED7-43EE-B3D0-020B158E5E62}.Release|Any CPU.Build.0 = Release|Any CPU
		{738DD610-028F-46CE-8337-B4D798F3C6B6}.Debug|Any CPU.ActiveCfg = Debug|Any CPU
		{738DD610-028F-46CE-8337-B4D798F3C6B6}.Debug|Any CPU.Build.0 = Debug|Any CPU
		{738DD610-028F-46CE-8337-B4D798F3C6B6}.Release|Any CPU.ActiveCfg = Release|Any CPU
		{738DD610-028F-46CE-8337-B4D798F3C6B6}.Release|Any CPU.Build.0 = Release|Any CPU
		{5329A697-E305-4FE2-B9BD-52CD45C77AED}.Debug|Any CPU.ActiveCfg = Debug|Any CPU
		{5329A697-E305-4FE2-B9BD-52CD45C77AED}.Debug|Any CPU.Build.0 = Debug|Any CPU
		{5329A697-E305-4FE2-B9BD-52CD45C77AED}.Release|Any CPU.ActiveCfg = Release|Any CPU
		{5329A697-E305-4FE2-B9BD-52CD45C77AED}.Release|Any CPU.Build.0 = Release|Any CPU
		{78F78B41-5052-4590-B0FB-6FD92A8F2970}.Debug|Any CPU.ActiveCfg = Debug|Any CPU
		{78F78B41-5052-4590-B0FB-6FD92A8F2970}.Debug|Any CPU.Build.0 = Debug|Any CPU
		{78F78B41-5052-4590-B0FB-6FD92A8F2970}.Release|Any CPU.ActiveCfg = Release|Any CPU
		{78F78B41-5052-4590-B0FB-6FD92A8F2970}.Release|Any CPU.Build.0 = Release|Any CPU
	EndGlobalSection
	GlobalSection(SolutionProperties) = preSolution
		HideSolutionNode = FALSE
	EndGlobalSection
	GlobalSection(ExtensibilityGlobals) = postSolution
		SolutionGuid = {6316F8BD-59D6-4A2E-933E-BC70187E9E63}
	EndGlobalSection
EndGlobal
